
Microsoft Visual Studio Solution File, Format Version 12.00
# Visual Studio Version 17
VisualStudioVersion = 17.11.35222.181
MinimumVisualStudioVersion = 10.0.40219.1
Project("{2150E333-8FDC-42A3-9474-1A3956D46DE8}") = "Task0", "Task0", "{F094EE14-ABD1-41F0-9CFA-07D38CF6E6E6}"
EndProject
Project("{9A19103F-16F7-4668-BE54-9A1E7A4F7556}") = "Tyuiu.RaushKN.Sprint3.Task0.V14", "Tyuiu.RaushKN.Sprint3.Task0.V14\Tyuiu.RaushKN.Sprint3.Task0.V14.csproj", "{E90FDC30-8FDA-460B-B2D2-E0D743D6DFAA}"
EndProject
Project("{9A19103F-16F7-4668-BE54-9A1E7A4F7556}") = "Tyuiu.RaushKN.Sprint3.Task0.V14.Test", "Tyuiu.RaushKN.Sprint3.Task0.V14.Test\Tyuiu.RaushKN.Sprint3.Task0.V14.Test.csproj", "{46B29DD3-30E3-4B4B-94B4-046C99820E92}"
EndProject
Project("{9A19103F-16F7-4668-BE54-9A1E7A4F7556}") = "Tyuiu.RaushKN.Sprint3.Task0.V14.Lib", "Tyuiu.RaushKN.Sprint3.Task0.V14.Lib\Tyuiu.RaushKN.Sprint3.Task0.V14.Lib.csproj", "{C4897A57-53AC-4535-9EA5-8B1C7F703907}"
EndProject
Project("{2150E333-8FDC-42A3-9474-1A3956D46DE8}") = "Task1", "Task1", "{662679AB-1F3D-4B6A-8909-0664E6C1E50C}"
EndProject
Project("{9A19103F-16F7-4668-BE54-9A1E7A4F7556}") = "Tyuiu.RaushKN.Sprint3.Task1.V11.Lib", "Tyuiu.RaushKN.Sprint3.Task1.V11.Lib\Tyuiu.RaushKN.Sprint3.Task1.V11.Lib.csproj", "{01D1D684-30FC-48D6-9FA9-F10ADDF28954}"
EndProject
Project("{9A19103F-16F7-4668-BE54-9A1E7A4F7556}") = "Tyuiu.RaushKN.Sprint3.Task1.V11.Test", "Tyuiu.RaushKN.Sprint3.Task1.V11.Test\Tyuiu.RaushKN.Sprint3.Task1.V11.Test.csproj", "{BE2DC583-8699-46B4-BD05-30D0DE1A7C3F}"
EndProject
Project("{9A19103F-16F7-4668-BE54-9A1E7A4F7556}") = "Tyuiu.RaushKN.Sprint3.Task1.V11", "Tyuiu.RaushKN.Sprint3.Task1.V11\Tyuiu.RaushKN.Sprint3.Task1.V11.csproj", "{5B8B67B6-00CC-40DE-ACC2-578DB60B2B43}"
EndProject
Project("{2150E333-8FDC-42A3-9474-1A3956D46DE8}") = "Task2", "Task2", "{9035644D-331A-4EE3-8963-97773D82B221}"
EndProject
Project("{9A19103F-16F7-4668-BE54-9A1E7A4F7556}") = "Tyuiu.RaushKN.Sprint3.Task2.V28", "Tyuiu.RaushKN.Sprint3.Task2.V28\Tyuiu.RaushKN.Sprint3.Task2.V28.csproj", "{3D168CF0-3747-422F-AE67-8B33C73FA62B}"
EndProject
Project("{9A19103F-16F7-4668-BE54-9A1E7A4F7556}") = "Tyuiu.RaushKN.Sprint3.Task2.V28.Test", "Tyuiu.RaushKN.Sprint3.Task2.V28.Test\Tyuiu.RaushKN.Sprint3.Task2.V28.Test.csproj", "{53CEE48B-92CF-471D-BEF8-3599846948A5}"
EndProject
Project("{9A19103F-16F7-4668-BE54-9A1E7A4F7556}") = "Tyuiu.RaushKN.Sprint3.Task2.V28.Lib", "Tyuiu.RaushKN.Sprint3.Task2.V28.Lib\Tyuiu.RaushKN.Sprint3.Task2.V28.Lib.csproj", "{7405D393-5528-459A-B63E-5911B8AB9057}"
EndProject
Project("{2150E333-8FDC-42A3-9474-1A3956D46DE8}") = "Task3", "Task3", "{588D85A2-25BF-4CF6-B830-5FC042F90034}"
EndProject
Project("{9A19103F-16F7-4668-BE54-9A1E7A4F7556}") = "Tyuiu.RaushKN.Sprint3.Task3.V29.Lib", "Tyuiu.RaushKN.Sprint3.Task3.V29.Lib\Tyuiu.RaushKN.Sprint3.Task3.V29.Lib.csproj", "{33EBF73E-52FB-47D2-A2A6-0EDCD5419034}"
EndProject
Project("{9A19103F-16F7-4668-BE54-9A1E7A4F7556}") = "Tyuiu.RaushKN.Sprint3.Task3.V29.Test", "Tyuiu.RaushKN.Sprint3.Task3.V29.Test\Tyuiu.RaushKN.Sprint3.Task3.V29.Test.csproj", "{94A5598E-5CCF-4D79-8932-24AA5092B440}"
EndProject
Project("{9A19103F-16F7-4668-BE54-9A1E7A4F7556}") = "Tyuiu.RaushKN.Sprint3.Task3.V29", "Tyuiu.RaushKN.Sprint3.Task3.V29\Tyuiu.RaushKN.Sprint3.Task3.V29.csproj", "{37CAEC90-CAB0-4D90-A5D7-88CA12389722}"
EndProject
Project("{2150E333-8FDC-42A3-9474-1A3956D46DE8}") = "Task4", "Task4", "{EED2DD3B-3B3C-4F64-9B19-6019FEE7DDA5}"
EndProject
Project("{9A19103F-16F7-4668-BE54-9A1E7A4F7556}") = "Tyuiu.RaushKN.Sprint3.Task4.V20", "Tyuiu.RaushKN.Sprint3.Task4.V20\Tyuiu.RaushKN.Sprint3.Task4.V20.csproj", "{2D947175-30D1-42C5-A7CF-2C92E72C8963}"
EndProject
Project("{9A19103F-16F7-4668-BE54-9A1E7A4F7556}") = "Tyuiu.RaushKN.Sprint3.Task4.V20.Test", "Tyuiu.RaushKN.Sprint3.Task4.V20.Test\Tyuiu.RaushKN.Sprint3.Task4.V20.Test.csproj", "{99FD1F7C-2E11-424F-A7B2-249F98B034B7}"
EndProject
Project("{9A19103F-16F7-4668-BE54-9A1E7A4F7556}") = "Tyuiu.RaushKN.Sprint3.Task4.V20.Lib", "Tyuiu.RaushKN.Sprint3.Task4.V20.Lib\Tyuiu.RaushKN.Sprint3.Task4.V20.Lib.csproj", "{091B34D3-7C9C-4FBD-B12B-8C2961FE80A0}"
EndProject
Project("{2150E333-8FDC-42A3-9474-1A3956D46DE8}") = "Task5", "Task5", "{51324CE9-F273-493A-8C1D-74995CA32919}"
EndProject
Project("{9A19103F-16F7-4668-BE54-9A1E7A4F7556}") = "Tyuiu.RaushKN.Sprint3.Task5.V19.Lib", "Tyuiu.RaushKN.Sprint3.Task5.V19.Lib\Tyuiu.RaushKN.Sprint3.Task5.V19.Lib.csproj", "{9783C4CB-D24A-42DB-895C-30BCA06A8222}"
EndProject
Project("{9A19103F-16F7-4668-BE54-9A1E7A4F7556}") = "Tyuiu.RaushKN.Sprint3.Task5.V19.Test", "Tyuiu.RaushKN.Sprint3.Task5.V19.Test\Tyuiu.RaushKN.Sprint3.Task5.V19.Test.csproj", "{0C9DA8E1-355B-4ADD-A578-19C44B92E447}"
EndProject
Project("{9A19103F-16F7-4668-BE54-9A1E7A4F7556}") = "Tyuiu.RaushKN.Sprint3.Task5.V19", "Tyuiu.RaushKN.Sprint3.Task5.V19\Tyuiu.RaushKN.Sprint3.Task5.V19.csproj", "{3079773D-DCAD-4778-A4B3-253D0316DAE7}"
EndProject
Project("{2150E333-8FDC-42A3-9474-1A3956D46DE8}") = "Task6", "Task6", "{9FC09A8E-FDB2-4F04-B46E-FB1A5F520A22}"
EndProject
Project("{FAE04EC0-301F-11D3-BF4B-00C04F79EFBC}") = "Tyuiu.RaushKN.Sprint3.Task6.V18", "Tyuiu.RaushKN.Sprint3.Task6.V18\Tyuiu.RaushKN.Sprint3.Task6.V18.csproj", "{2DB79E62-C5FD-4CC9-836F-F8C25635E202}"
EndProject
Project("{FAE04EC0-301F-11D3-BF4B-00C04F79EFBC}") = "Tyuiu.RaushKN.Sprint3.Task6.V18.Test", "Tyuiu.RaushKN.Sprint3.Task6.V18.Test\Tyuiu.RaushKN.Sprint3.Task6.V18.Test.csproj", "{892F986B-626B-4F76-9BCC-DDFF85E789B6}"
EndProject
Project("{FAE04EC0-301F-11D3-BF4B-00C04F79EFBC}") = "Tyuiu.RaushKN.Sprint3.Task6.V18.Lib", "Tyuiu.RaushKN.Sprint3.Task6.V18.Lib\Tyuiu.RaushKN.Sprint3.Task6.V18.Lib.csproj", "{939DED35-C41A-4806-B4D6-EC5DEA579F4A}"
EndProject
Project("{2150E333-8FDC-42A3-9474-1A3956D46DE8}") = "Task7", "Task7", "{678708C0-C730-452D-805D-1EB725785BD6}"
EndProject
Project("{FAE04EC0-301F-11D3-BF4B-00C04F79EFBC}") = "Tyuiu.RaushKN.Sprint3.Task7.V14.Lib", "Tyuiu.RaushKN.Sprint3.Task7.V14.Lib\Tyuiu.RaushKN.Sprint3.Task7.V14.Lib.csproj", "{7831631A-1304-46DB-969E-AD831CCBCECE}"
EndProject
Project("{FAE04EC0-301F-11D3-BF4B-00C04F79EFBC}") = "Tyuiu.RaushKN.Sprint3.Task7.V14.Test", "Tyuiu.RaushKN.Sprint3.Task7.V14.Test\Tyuiu.RaushKN.Sprint3.Task7.V14.Test.csproj", "{DBEF24C8-0724-44AD-ACA1-A4F873E1DECB}"
EndProject
Project("{FAE04EC0-301F-11D3-BF4B-00C04F79EFBC}") = "Tyuiu.RaushKN.Sprint3.Task7.V14", "Tyuiu.RaushKN.Sprint3.Task7.V14\Tyuiu.RaushKN.Sprint3.Task7.V14.csproj", "{7109D291-0E28-47BA-A9C3-A0F28904BEB4}"
EndProject
Global
	GlobalSection(SolutionConfigurationPlatforms) = preSolution
		Debug|Any CPU = Debug|Any CPU
		Release|Any CPU = Release|Any CPU
	EndGlobalSection
	GlobalSection(ProjectConfigurationPlatforms) = postSolution
		{E90FDC30-8FDA-460B-B2D2-E0D743D6DFAA}.Debug|Any CPU.ActiveCfg = Debug|Any CPU
		{E90FDC30-8FDA-460B-B2D2-E0D743D6DFAA}.Debug|Any CPU.Build.0 = Debug|Any CPU
		{E90FDC30-8FDA-460B-B2D2-E0D743D6DFAA}.Release|Any CPU.ActiveCfg = Release|Any CPU
		{E90FDC30-8FDA-460B-B2D2-E0D743D6DFAA}.Release|Any CPU.Build.0 = Release|Any CPU
		{46B29DD3-30E3-4B4B-94B4-046C99820E92}.Debug|Any CPU.ActiveCfg = Debug|Any CPU
		{46B29DD3-30E3-4B4B-94B4-046C99820E92}.Debug|Any CPU.Build.0 = Debug|Any CPU
		{46B29DD3-30E3-4B4B-94B4-046C99820E92}.Release|Any CPU.ActiveCfg = Release|Any CPU
		{46B29DD3-30E3-4B4B-94B4-046C99820E92}.Release|Any CPU.Build.0 = Release|Any CPU
		{C4897A57-53AC-4535-9EA5-8B1C7F703907}.Debug|Any CPU.ActiveCfg = Debug|Any CPU
		{C4897A57-53AC-4535-9EA5-8B1C7F703907}.Debug|Any CPU.Build.0 = Debug|Any CPU
		{C4897A57-53AC-4535-9EA5-8B1C7F703907}.Release|Any CPU.ActiveCfg = Release|Any CPU
		{C4897A57-53AC-4535-9EA5-8B1C7F703907}.Release|Any CPU.Build.0 = Release|Any CPU
		{01D1D684-30FC-48D6-9FA9-F10ADDF28954}.Debug|Any CPU.ActiveCfg = Debug|Any CPU
		{01D1D684-30FC-48D6-9FA9-F10ADDF28954}.Debug|Any CPU.Build.0 = Debug|Any CPU
		{01D1D684-30FC-48D6-9FA9-F10ADDF28954}.Release|Any CPU.ActiveCfg = Release|Any CPU
		{01D1D684-30FC-48D6-9FA9-F10ADDF28954}.Release|Any CPU.Build.0 = Release|Any CPU
		{BE2DC583-8699-46B4-BD05-30D0DE1A7C3F}.Debug|Any CPU.ActiveCfg = Debug|Any CPU
		{BE2DC583-8699-46B4-BD05-30D0DE1A7C3F}.Debug|Any CPU.Build.0 = Debug|Any CPU
		{BE2DC583-8699-46B4-BD05-30D0DE1A7C3F}.Release|Any CPU.ActiveCfg = Release|Any CPU
		{BE2DC583-8699-46B4-BD05-30D0DE1A7C3F}.Release|Any CPU.Build.0 = Release|Any CPU
		{5B8B67B6-00CC-40DE-ACC2-578DB60B2B43}.Debug|Any CPU.ActiveCfg = Debug|Any CPU
		{5B8B67B6-00CC-40DE-ACC2-578DB60B2B43}.Debug|Any CPU.Build.0 = Debug|Any CPU
		{5B8B67B6-00CC-40DE-ACC2-578DB60B2B43}.Release|Any CPU.ActiveCfg = Release|Any CPU
		{5B8B67B6-00CC-40DE-ACC2-578DB60B2B43}.Release|Any CPU.Build.0 = Release|Any CPU
		{3D168CF0-3747-422F-AE67-8B33C73FA62B}.Debug|Any CPU.ActiveCfg = Debug|Any CPU
		{3D168CF0-3747-422F-AE67-8B33C73FA62B}.Debug|Any CPU.Build.0 = Debug|Any CPU
		{3D168CF0-3747-422F-AE67-8B33C73FA62B}.Release|Any CPU.ActiveCfg = Release|Any CPU
		{3D168CF0-3747-422F-AE67-8B33C73FA62B}.Release|Any CPU.Build.0 = Release|Any CPU
		{53CEE48B-92CF-471D-BEF8-3599846948A5}.Debug|Any CPU.ActiveCfg = Debug|Any CPU
		{53CEE48B-92CF-471D-BEF8-3599846948A5}.Debug|Any CPU.Build.0 = Debug|Any CPU
		{53CEE48B-92CF-471D-BEF8-3599846948A5}.Release|Any CPU.ActiveCfg = Release|Any CPU
		{53CEE48B-92CF-471D-BEF8-3599846948A5}.Release|Any CPU.Build.0 = Release|Any CPU
		{7405D393-5528-459A-B63E-5911B8AB9057}.Debug|Any CPU.ActiveCfg = Debug|Any CPU
		{7405D393-5528-459A-B63E-5911B8AB9057}.Debug|Any CPU.Build.0 = Debug|Any CPU
		{7405D393-5528-459A-B63E-5911B8AB9057}.Release|Any CPU.ActiveCfg = Release|Any CPU
		{7405D393-5528-459A-B63E-5911B8AB9057}.Release|Any CPU.Build.0 = Release|Any CPU
		{33EBF73E-52FB-47D2-A2A6-0EDCD5419034}.Debug|Any CPU.ActiveCfg = Debug|Any CPU
		{33EBF73E-52FB-47D2-A2A6-0EDCD5419034}.Debug|Any CPU.Build.0 = Debug|Any CPU
		{33EBF73E-52FB-47D2-A2A6-0EDCD5419034}.Release|Any CPU.ActiveCfg = Release|Any CPU
		{33EBF73E-52FB-47D2-A2A6-0EDCD5419034}.Release|Any CPU.Build.0 = Release|Any CPU
		{94A5598E-5CCF-4D79-8932-24AA5092B440}.Debug|Any CPU.ActiveCfg = Debug|Any CPU
		{94A5598E-5CCF-4D79-8932-24AA5092B440}.Debug|Any CPU.Build.0 = Debug|Any CPU
		{94A5598E-5CCF-4D79-8932-24AA5092B440}.Release|Any CPU.ActiveCfg = Release|Any CPU
		{94A5598E-5CCF-4D79-8932-24AA5092B440}.Release|Any CPU.Build.0 = Release|Any CPU
		{37CAEC90-CAB0-4D90-A5D7-88CA12389722}.Debug|Any CPU.ActiveCfg = Debug|Any CPU
		{37CAEC90-CAB0-4D90-A5D7-88CA12389722}.Debug|Any CPU.Build.0 = Debug|Any CPU
		{37CAEC90-CAB0-4D90-A5D7-88CA12389722}.Release|Any CPU.ActiveCfg = Release|Any CPU
		{37CAEC90-CAB0-4D90-A5D7-88CA12389722}.Release|Any CPU.Build.0 = Release|Any CPU
		{2D947175-30D1-42C5-A7CF-2C92E72C8963}.Debug|Any CPU.ActiveCfg = Debug|Any CPU
		{2D947175-30D1-42C5-A7CF-2C92E72C8963}.Debug|Any CPU.Build.0 = Debug|Any CPU
		{2D947175-30D1-42C5-A7CF-2C92E72C8963}.Release|Any CPU.ActiveCfg = Release|Any CPU
		{2D947175-30D1-42C5-A7CF-2C92E72C8963}.Release|Any CPU.Build.0 = Release|Any CPU
		{99FD1F7C-2E11-424F-A7B2-249F98B034B7}.Debug|Any CPU.ActiveCfg = Debug|Any CPU
		{99FD1F7C-2E11-424F-A7B2-249F98B034B7}.Debug|Any CPU.Build.0 = Debug|Any CPU
		{99FD1F7C-2E11-424F-A7B2-249F98B034B7}.Release|Any CPU.ActiveCfg = Release|Any CPU
		{99FD1F7C-2E11-424F-A7B2-249F98B034B7}.Release|Any CPU.Build.0 = Release|Any CPU
		{091B34D3-7C9C-4FBD-B12B-8C2961FE80A0}.Debug|Any CPU.ActiveCfg = Debug|Any CPU
		{091B34D3-7C9C-4FBD-B12B-8C2961FE80A0}.Debug|Any CPU.Build.0 = Debug|Any CPU
		{091B34D3-7C9C-4FBD-B12B-8C2961FE80A0}.Release|Any CPU.ActiveCfg = Release|Any CPU
		{091B34D3-7C9C-4FBD-B12B-8C2961FE80A0}.Release|Any CPU.Build.0 = Release|Any CPU
		{9783C4CB-D24A-42DB-895C-30BCA06A8222}.Debug|Any CPU.ActiveCfg = Debug|Any CPU
		{9783C4CB-D24A-42DB-895C-30BCA06A8222}.Debug|Any CPU.Build.0 = Debug|Any CPU
		{9783C4CB-D24A-42DB-895C-30BCA06A8222}.Release|Any CPU.ActiveCfg = Release|Any CPU
		{9783C4CB-D24A-42DB-895C-30BCA06A8222}.Release|Any CPU.Build.0 = Release|Any CPU
		{0C9DA8E1-355B-4ADD-A578-19C44B92E447}.Debug|Any CPU.ActiveCfg = Debug|Any CPU
		{0C9DA8E1-355B-4ADD-A578-19C44B92E447}.Debug|Any CPU.Build.0 = Debug|Any CPU
		{0C9DA8E1-355B-4ADD-A578-19C44B92E447}.Release|Any CPU.ActiveCfg = Release|Any CPU
		{0C9DA8E1-355B-4ADD-A578-19C44B92E447}.Release|Any CPU.Build.0 = Release|Any CPU
		{3079773D-DCAD-4778-A4B3-253D0316DAE7}.Debug|Any CPU.ActiveCfg = Debug|Any CPU
		{3079773D-DCAD-4778-A4B3-253D0316DAE7}.Debug|Any CPU.Build.0 = Debug|Any CPU
		{3079773D-DCAD-4778-A4B3-253D0316DAE7}.Release|Any CPU.ActiveCfg = Release|Any CPU
		{3079773D-DCAD-4778-A4B3-253D0316DAE7}.Release|Any CPU.Build.0 = Release|Any CPU
		{2DB79E62-C5FD-4CC9-836F-F8C25635E202}.Debug|Any CPU.ActiveCfg = Debug|Any CPU
		{2DB79E62-C5FD-4CC9-836F-F8C25635E202}.Debug|Any CPU.Build.0 = Debug|Any CPU
		{2DB79E62-C5FD-4CC9-836F-F8C25635E202}.Release|Any CPU.ActiveCfg = Release|Any CPU
		{2DB79E62-C5FD-4CC9-836F-F8C25635E202}.Release|Any CPU.Build.0 = Release|Any CPU
		{892F986B-626B-4F76-9BCC-DDFF85E789B6}.Debug|Any CPU.ActiveCfg = Debug|Any CPU
		{892F986B-626B-4F76-9BCC-DDFF85E789B6}.Debug|Any CPU.Build.0 = Debug|Any CPU
		{892F986B-626B-4F76-9BCC-DDFF85E789B6}.Release|Any CPU.ActiveCfg = Release|Any CPU
		{892F986B-626B-4F76-9BCC-DDFF85E789B6}.Release|Any CPU.Build.0 = Release|Any CPU
		{939DED35-C41A-4806-B4D6-EC5DEA579F4A}.Debug|Any CPU.ActiveCfg = Debug|Any CPU
		{939DED35-C41A-4806-B4D6-EC5DEA579F4A}.Debug|Any CPU.Build.0 = Debug|Any CPU
		{939DED35-C41A-4806-B4D6-EC5DEA579F4A}.Release|Any CPU.ActiveCfg = Release|Any CPU
		{939DED35-C41A-4806-B4D6-EC5DEA579F4A}.Release|Any CPU.Build.0 = Release|Any CPU
		{7831631A-1304-46DB-969E-AD831CCBCECE}.Debug|Any CPU.ActiveCfg = Debug|Any CPU
		{7831631A-1304-46DB-969E-AD831CCBCECE}.Debug|Any CPU.Build.0 = Debug|Any CPU
		{7831631A-1304-46DB-969E-AD831CCBCECE}.Release|Any CPU.ActiveCfg = Release|Any CPU
		{7831631A-1304-46DB-969E-AD831CCBCECE}.Release|Any CPU.Build.0 = Release|Any CPU
		{DBEF24C8-0724-44AD-ACA1-A4F873E1DECB}.Debug|Any CPU.ActiveCfg = Debug|Any CPU
		{DBEF24C8-0724-44AD-ACA1-A4F873E1DECB}.Debug|Any CPU.Build.0 = Debug|Any CPU
		{DBEF24C8-0724-44AD-ACA1-A4F873E1DECB}.Release|Any CPU.ActiveCfg = Release|Any CPU
		{DBEF24C8-0724-44AD-ACA1-A4F873E1DECB}.Release|Any CPU.Build.0 = Release|Any CPU
		{7109D291-0E28-47BA-A9C3-A0F28904BEB4}.Debug|Any CPU.ActiveCfg = Debug|Any CPU
		{7109D291-0E28-47BA-A9C3-A0F28904BEB4}.Debug|Any CPU.Build.0 = Debug|Any CPU
		{7109D291-0E28-47BA-A9C3-A0F28904BEB4}.Release|Any CPU.ActiveCfg = Release|Any CPU
		{7109D291-0E28-47BA-A9C3-A0F28904BEB4}.Release|Any CPU.Build.0 = Release|Any CPU
	EndGlobalSection
	GlobalSection(SolutionProperties) = preSolution
		HideSolutionNode = FALSE
	EndGlobalSection
	GlobalSection(NestedProjects) = preSolution
		{E90FDC30-8FDA-460B-B2D2-E0D743D6DFAA} = {F094EE14-ABD1-41F0-9CFA-07D38CF6E6E6}
		{46B29DD3-30E3-4B4B-94B4-046C99820E92} = {F094EE14-ABD1-41F0-9CFA-07D38CF6E6E6}
		{C4897A57-53AC-4535-9EA5-8B1C7F703907} = {F094EE14-ABD1-41F0-9CFA-07D38CF6E6E6}
		{01D1D684-30FC-48D6-9FA9-F10ADDF28954} = {662679AB-1F3D-4B6A-8909-0664E6C1E50C}
		{BE2DC583-8699-46B4-BD05-30D0DE1A7C3F} = {662679AB-1F3D-4B6A-8909-0664E6C1E50C}
		{5B8B67B6-00CC-40DE-ACC2-578DB60B2B43} = {662679AB-1F3D-4B6A-8909-0664E6C1E50C}
		{3D168CF0-3747-422F-AE67-8B33C73FA62B} = {9035644D-331A-4EE3-8963-97773D82B221}
		{53CEE48B-92CF-471D-BEF8-3599846948A5} = {9035644D-331A-4EE3-8963-97773D82B221}
		{7405D393-5528-459A-B63E-5911B8AB9057} = {9035644D-331A-4EE3-8963-97773D82B221}
		{33EBF73E-52FB-47D2-A2A6-0EDCD5419034} = {588D85A2-25BF-4CF6-B830-5FC042F90034}
		{94A5598E-5CCF-4D79-8932-24AA5092B440} = {588D85A2-25BF-4CF6-B830-5FC042F90034}
		{37CAEC90-CAB0-4D90-A5D7-88CA12389722} = {588D85A2-25BF-4CF6-B830-5FC042F90034}
		{2D947175-30D1-42C5-A7CF-2C92E72C8963} = {EED2DD3B-3B3C-4F64-9B19-6019FEE7DDA5}
		{99FD1F7C-2E11-424F-A7B2-249F98B034B7} = {EED2DD3B-3B3C-4F64-9B19-6019FEE7DDA5}
		{091B34D3-7C9C-4FBD-B12B-8C2961FE80A0} = {EED2DD3B-3B3C-4F64-9B19-6019FEE7DDA5}
		{9783C4CB-D24A-42DB-895C-30BCA06A8222} = {51324CE9-F273-493A-8C1D-74995CA32919}
		{0C9DA8E1-355B-4ADD-A578-19C44B92E447} = {51324CE9-F273-493A-8C1D-74995CA32919}
		{3079773D-DCAD-4778-A4B3-253D0316DAE7} = {51324CE9-F273-493A-8C1D-74995CA32919}
		{2DB79E62-C5FD-4CC9-836F-F8C25635E202} = {9FC09A8E-FDB2-4F04-B46E-FB1A5F520A22}
		{892F986B-626B-4F76-9BCC-DDFF85E789B6} = {9FC09A8E-FDB2-4F04-B46E-FB1A5F520A22}
		{939DED35-C41A-4806-B4D6-EC5DEA579F4A} = {9FC09A8E-FDB2-4F04-B46E-FB1A5F520A22}
		{7831631A-1304-46DB-969E-AD831CCBCECE} = {678708C0-C730-452D-805D-1EB725785BD6}
		{DBEF24C8-0724-44AD-ACA1-A4F873E1DECB} = {678708C0-C730-452D-805D-1EB725785BD6}
		{7109D291-0E28-47BA-A9C3-A0F28904BEB4} = {678708C0-C730-452D-805D-1EB725785BD6}
	EndGlobalSection
	GlobalSection(ExtensibilityGlobals) = postSolution
		SolutionGuid = {2737322F-9900-4681-A38A-CF4C3D3C14C0}
	EndGlobalSection
EndGlobal
