
Microsoft Visual Studio Solution File, Format Version 12.00
# Visual Studio Version 17
VisualStudioVersion = 17.11.35222.181
MinimumVisualStudioVersion = 10.0.40219.1
Project("{2150E333-8FDC-42A3-9474-1A3956D46DE8}") = "Task0", "Task0", "{F094EE14-ABD1-41F0-9CFA-07D38CF6E6E6}"
EndProject
Project("{9A19103F-16F7-4668-BE54-9A1E7A4F7556}") = "Tyuiu.RaushKN.Sprint3.Task0.V14", "Tyuiu.RaushKN.Sprint3.Task0.V14\Tyuiu.RaushKN.Sprint3.Task0.V14.csproj", "{E90FDC30-8FDA-460B-B2D2-E0D743D6DFAA}"
EndProject
Project("{9A19103F-16F7-4668-BE54-9A1E7A4F7556}") = "Tyuiu.RaushKN.Sprint3.Task0.V14.Test", "Tyuiu.RaushKN.Sprint3.Task0.V14.Test\Tyuiu.RaushKN.Sprint3.Task0.V14.Test.csproj", "{46B29DD3-30E3-4B4B-94B4-046C99820E92}"
EndProject
Project("{9A19103F-16F7-4668-BE54-9A1E7A4F7556}") = "Tyuiu.RaushKN.Sprint3.Task0.V14.Lib", "Tyuiu.RaushKN.Sprint3.Task0.V14.Lib\Tyuiu.RaushKN.Sprint3.Task0.V14.Lib.csproj", "{C4897A57-53AC-4535-9EA5-8B1C7F703907}"
EndProject
Project("{2150E333-8FDC-42A3-9474-1A3956D46DE8}") = "Task1", "Task1", "{662679AB-1F3D-4B6A-8909-0664E6C1E50C}"
EndProject
Project("{FAE04EC0-301F-11D3-BF4B-00C04F79EFBC}") = "Tyuiu.RaushKN.Sprint3.Task1.V11.Lib", "Tyuiu.RaushKN.Sprint3.Task1.V11.Lib\Tyuiu.RaushKN.Sprint3.Task1.V11.Lib.csproj", "{01D1D684-30FC-48D6-9FA9-F10ADDF28954}"
EndProject
Project("{FAE04EC0-301F-11D3-BF4B-00C04F79EFBC}") = "Tyuiu.RaushKN.Sprint3.Task1.V11.Test", "Tyuiu.RaushKN.Sprint3.Task1.V11.Test\Tyuiu.RaushKN.Sprint3.Task1.V11.Test.csproj", "{BE2DC583-8699-46B4-BD05-30D0DE1A7C3F}"
EndProject
Project("{FAE04EC0-301F-11D3-BF4B-00C04F79EFBC}") = "Tyuiu.RaushKN.Sprint3.Task1.V11", "Tyuiu.RaushKN.Sprint3.Task1.V11\Tyuiu.RaushKN.Sprint3.Task1.V11.csproj", "{5B8B67B6-00CC-40DE-ACC2-578DB60B2B43}"
EndProject
Global
	GlobalSection(SolutionConfigurationPlatforms) = preSolution
		Debug|Any CPU = Debug|Any CPU
		Release|Any CPU = Release|Any CPU
	EndGlobalSection
	GlobalSection(ProjectConfigurationPlatforms) = postSolution
		{E90FDC30-8FDA-460B-B2D2-E0D743D6DFAA}.Debug|Any CPU.ActiveCfg = Debug|Any CPU
		{E90FDC30-8FDA-460B-B2D2-E0D743D6DFAA}.Debug|Any CPU.Build.0 = Debug|Any CPU
		{E90FDC30-8FDA-460B-B2D2-E0D743D6DFAA}.Release|Any CPU.ActiveCfg = Release|Any CPU
		{E90FDC30-8FDA-460B-B2D2-E0D743D6DFAA}.Release|Any CPU.Build.0 = Release|Any CPU
		{46B29DD3-30E3-4B4B-94B4-046C99820E92}.Debug|Any CPU.ActiveCfg = Debug|Any CPU
		{46B29DD3-30E3-4B4B-94B4-046C99820E92}.Debug|Any CPU.Build.0 = Debug|Any CPU
		{46B29DD3-30E3-4B4B-94B4-046C99820E92}.Release|Any CPU.ActiveCfg = Release|Any CPU
		{46B29DD3-30E3-4B4B-94B4-046C99820E92}.Release|Any CPU.Build.0 = Release|Any CPU
		{C4897A57-53AC-4535-9EA5-8B1C7F703907}.Debug|Any CPU.ActiveCfg = Debug|Any CPU
		{C4897A57-53AC-4535-9EA5-8B1C7F703907}.Debug|Any CPU.Build.0 = Debug|Any CPU
		{C4897A57-53AC-4535-9EA5-8B1C7F703907}.Release|Any CPU.ActiveCfg = Release|Any CPU
		{C4897A57-53AC-4535-9EA5-8B1C7F703907}.Release|Any CPU.Build.0 = Release|Any CPU
		{01D1D684-30FC-48D6-9FA9-F10ADDF28954}.Debug|Any CPU.ActiveCfg = Debug|Any CPU
		{01D1D684-30FC-48D6-9FA9-F10ADDF28954}.Debug|Any CPU.Build.0 = Debug|Any CPU
		{01D1D684-30FC-48D6-9FA9-F10ADDF28954}.Release|Any CPU.ActiveCfg = Release|Any CPU
		{01D1D684-30FC-48D6-9FA9-F10ADDF28954}.Release|Any CPU.Build.0 = Release|Any CPU
		{BE2DC583-8699-46B4-BD05-30D0DE1A7C3F}.Debug|Any CPU.ActiveCfg = Debug|Any CPU
		{BE2DC583-8699-46B4-BD05-30D0DE1A7C3F}.Debug|Any CPU.Build.0 = Debug|Any CPU
		{BE2DC583-8699-46B4-BD05-30D0DE1A7C3F}.Release|Any CPU.ActiveCfg = Release|Any CPU
		{BE2DC583-8699-46B4-BD05-30D0DE1A7C3F}.Release|Any CPU.Build.0 = Release|Any CPU
		{5B8B67B6-00CC-40DE-ACC2-578DB60B2B43}.Debug|Any CPU.ActiveCfg = Debug|Any CPU
		{5B8B67B6-00CC-40DE-ACC2-578DB60B2B43}.Debug|Any CPU.Build.0 = Debug|Any CPU
		{5B8B67B6-00CC-40DE-ACC2-578DB60B2B43}.Release|Any CPU.ActiveCfg = Release|Any CPU
		{5B8B67B6-00CC-40DE-ACC2-578DB60B2B43}.Release|Any CPU.Build.0 = Release|Any CPU
	EndGlobalSection
	GlobalSection(SolutionProperties) = preSolution
		HideSolutionNode = FALSE
	EndGlobalSection
	GlobalSection(NestedProjects) = preSolution
		{E90FDC30-8FDA-460B-B2D2-E0D743D6DFAA} = {F094EE14-ABD1-41F0-9CFA-07D38CF6E6E6}
		{46B29DD3-30E3-4B4B-94B4-046C99820E92} = {F094EE14-ABD1-41F0-9CFA-07D38CF6E6E6}
		{C4897A57-53AC-4535-9EA5-8B1C7F703907} = {F094EE14-ABD1-41F0-9CFA-07D38CF6E6E6}
		{01D1D684-30FC-48D6-9FA9-F10ADDF28954} = {662679AB-1F3D-4B6A-8909-0664E6C1E50C}
		{BE2DC583-8699-46B4-BD05-30D0DE1A7C3F} = {662679AB-1F3D-4B6A-8909-0664E6C1E50C}
		{5B8B67B6-00CC-40DE-ACC2-578DB60B2B43} = {662679AB-1F3D-4B6A-8909-0664E6C1E50C}
	EndGlobalSection
	GlobalSection(ExtensibilityGlobals) = postSolution
		SolutionGuid = {2737322F-9900-4681-A38A-CF4C3D3C14C0}
	EndGlobalSection
EndGlobal
